
Microsoft Visual Studio Solution File, Format Version 12.00
# Visual Studio 14
VisualStudioVersion = 14.0.23107.0
MinimumVisualStudioVersion = 10.0.40219.1
Project("{FAE04EC0-301F-11D3-BF4B-00C04F79EFBC}") = "FubarDev.FtpServer.FileSystem", "FubarDev.FtpServer.FileSystem\FubarDev.FtpServer.FileSystem.csproj", "{6DA350B9-3B5A-49E3-BBCC-CECC140CEA6B}"
EndProject
Project("{FAE04EC0-301F-11D3-BF4B-00C04F79EFBC}") = "FubarDev.FtpServer.AccountManagement", "FubarDev.FtpServer.AccountManagement\FubarDev.FtpServer.AccountManagement.csproj", "{2530AEFE-CE85-444E-9868-58BE478AEFD1}"
EndProject
Project("{FAE04EC0-301F-11D3-BF4B-00C04F79EFBC}") = "FubarDev.FtpServer", "FubarDev.FtpServer\FubarDev.FtpServer.csproj", "{01EBBF94-7469-43A0-A618-07FB734B163F}"
EndProject
Project("{FAE04EC0-301F-11D3-BF4B-00C04F79EFBC}") = "FubarDev.FtpServer.FileSystem.GoogleDrive", "FubarDev.FtpServer.FileSystem.GoogleDrive\FubarDev.FtpServer.FileSystem.GoogleDrive.csproj", "{B094E475-E61A-4AB1-8D85-4446E3A4F551}"
EndProject
Project("{FF286327-C783-4F7A-AB73-9BCBAD0D4460}") = "FubarDev.FtpServer.Pkg", "FubarDev.FtpServer.Pkg\FubarDev.FtpServer.Pkg.nuproj", "{DBB073E8-7D29-40BF-A0CA-7BBFDDF0B9E1}"
EndProject
Project("{FF286327-C783-4F7A-AB73-9BCBAD0D4460}") = "FubarDev.FtpServer.AccountManager.Pkg", "FubarDev.FtpServer.AccountManager.Pkg\FubarDev.FtpServer.AccountManager.Pkg.nuproj", "{3DE23A2A-A9A8-4CC3-91F8-4C446BE16E70}"
EndProject
Project("{FF286327-C783-4F7A-AB73-9BCBAD0D4460}") = "FubarDev.FtpServer.FileSystem.Pkg", "FubarDev.FtpServer.FileSystem.Pkg\FubarDev.FtpServer.FileSystem.Pkg.nuproj", "{F55DAC13-FAAA-40B8-9BC2-92A2B2DDB29F}"
EndProject
Project("{FF286327-C783-4F7A-AB73-9BCBAD0D4460}") = "FubarDev.FtpServer.FileSystem.GoogleDrive.Pkg", "FubarDev.FtpServer.FileSystem.GoogleDrive.Pkg\FubarDev.FtpServer.FileSystem.GoogleDrive.Pkg.nuproj", "{5E5946AD-84CE-4626-B959-2E8215F46FD8}"
EndProject
Project("{2150E333-8FDC-42A3-9474-1A3956D46DE8}") = "Solution Items", "Solution Items", "{52EFD82B-3CC2-486D-849B-199D9670C487}"
	ProjectSection(SolutionItems) = preProject
		LICENSE.md = LICENSE.md
		README.md = README.md
	EndProjectSection
EndProject
Global
	GlobalSection(SolutionConfigurationPlatforms) = preSolution
		Debug|Any CPU = Debug|Any CPU
		Release|Any CPU = Release|Any CPU
	EndGlobalSection
	GlobalSection(ProjectConfigurationPlatforms) = postSolution
		{6DA350B9-3B5A-49E3-BBCC-CECC140CEA6B}.Debug|Any CPU.ActiveCfg = Debug|Any CPU
		{6DA350B9-3B5A-49E3-BBCC-CECC140CEA6B}.Debug|Any CPU.Build.0 = Debug|Any CPU
		{6DA350B9-3B5A-49E3-BBCC-CECC140CEA6B}.Release|Any CPU.ActiveCfg = Release|Any CPU
		{6DA350B9-3B5A-49E3-BBCC-CECC140CEA6B}.Release|Any CPU.Build.0 = Release|Any CPU
		{2530AEFE-CE85-444E-9868-58BE478AEFD1}.Debug|Any CPU.ActiveCfg = Debug|Any CPU
		{2530AEFE-CE85-444E-9868-58BE478AEFD1}.Debug|Any CPU.Build.0 = Debug|Any CPU
		{2530AEFE-CE85-444E-9868-58BE478AEFD1}.Release|Any CPU.ActiveCfg = Release|Any CPU
		{2530AEFE-CE85-444E-9868-58BE478AEFD1}.Release|Any CPU.Build.0 = Release|Any CPU
		{01EBBF94-7469-43A0-A618-07FB734B163F}.Debug|Any CPU.ActiveCfg = Debug|Any CPU
		{01EBBF94-7469-43A0-A618-07FB734B163F}.Debug|Any CPU.Build.0 = Debug|Any CPU
		{01EBBF94-7469-43A0-A618-07FB734B163F}.Release|Any CPU.ActiveCfg = Release|Any CPU
		{01EBBF94-7469-43A0-A618-07FB734B163F}.Release|Any CPU.Build.0 = Release|Any CPU
		{B094E475-E61A-4AB1-8D85-4446E3A4F551}.Debug|Any CPU.ActiveCfg = Debug|Any CPU
		{B094E475-E61A-4AB1-8D85-4446E3A4F551}.Debug|Any CPU.Build.0 = Debug|Any CPU
		{B094E475-E61A-4AB1-8D85-4446E3A4F551}.Release|Any CPU.ActiveCfg = Release|Any CPU
		{B094E475-E61A-4AB1-8D85-4446E3A4F551}.Release|Any CPU.Build.0 = Release|Any CPU
		{DBB073E8-7D29-40BF-A0CA-7BBFDDF0B9E1}.Debug|Any CPU.ActiveCfg = Debug|Any CPU
		{DBB073E8-7D29-40BF-A0CA-7BBFDDF0B9E1}.Debug|Any CPU.Build.0 = Debug|Any CPU
		{DBB073E8-7D29-40BF-A0CA-7BBFDDF0B9E1}.Release|Any CPU.ActiveCfg = Release|Any CPU
		{DBB073E8-7D29-40BF-A0CA-7BBFDDF0B9E1}.Release|Any CPU.Build.0 = Release|Any CPU
		{3DE23A2A-A9A8-4CC3-91F8-4C446BE16E70}.Debug|Any CPU.ActiveCfg = Debug|Any CPU
		{3DE23A2A-A9A8-4CC3-91F8-4C446BE16E70}.Debug|Any CPU.Build.0 = Debug|Any CPU
		{3DE23A2A-A9A8-4CC3-91F8-4C446BE16E70}.Release|Any CPU.ActiveCfg = Release|Any CPU
		{3DE23A2A-A9A8-4CC3-91F8-4C446BE16E70}.Release|Any CPU.Build.0 = Release|Any CPU
		{F55DAC13-FAAA-40B8-9BC2-92A2B2DDB29F}.Debug|Any CPU.ActiveCfg = Debug|Any CPU
		{F55DAC13-FAAA-40B8-9BC2-92A2B2DDB29F}.Debug|Any CPU.Build.0 = Debug|Any CPU
		{F55DAC13-FAAA-40B8-9BC2-92A2B2DDB29F}.Release|Any CPU.ActiveCfg = Release|Any CPU
		{F55DAC13-FAAA-40B8-9BC2-92A2B2DDB29F}.Release|Any CPU.Build.0 = Release|Any CPU
		{5E5946AD-84CE-4626-B959-2E8215F46FD8}.Debug|Any CPU.ActiveCfg = Debug|Any CPU
		{5E5946AD-84CE-4626-B959-2E8215F46FD8}.Debug|Any CPU.Build.0 = Debug|Any CPU
		{5E5946AD-84CE-4626-B959-2E8215F46FD8}.Release|Any CPU.ActiveCfg = Release|Any CPU
		{5E5946AD-84CE-4626-B959-2E8215F46FD8}.Release|Any CPU.Build.0 = Release|Any CPU
	EndGlobalSection
	GlobalSection(SolutionProperties) = preSolution
		HideSolutionNode = FALSE
	EndGlobalSection
EndGlobal
