
Microsoft Visual Studio Solution File, Format Version 12.00
# Visual Studio Version 16
VisualStudioVersion = 16.0.28516.95
MinimumVisualStudioVersion = 10.0.40219.1
Project("{9A19103F-16F7-4668-BE54-9A1E7A4F7556}") = "FubarDev.FtpServer", "src\FubarDev.FtpServer\FubarDev.FtpServer.csproj", "{01EBBF94-7469-43A0-A618-07FB734B163F}"
EndProject
Project("{2150E333-8FDC-42A3-9474-1A3956D46DE8}") = "Solution Items", "Solution Items", "{52EFD82B-3CC2-486D-849B-199D9670C487}"
	ProjectSection(SolutionItems) = preProject
		.dockerignore = .dockerignore
		.editorconfig = .editorconfig
		FubarDev.FtpServer.ruleset = FubarDev.FtpServer.ruleset
		Global.props = Global.props
		LICENSE.md = LICENSE.md
		PackageLibrary.props = PackageLibrary.props
		README.md = README.md
		stylecop.json = stylecop.json
	EndProjectSection
EndProject
Project("{9A19103F-16F7-4668-BE54-9A1E7A4F7556}") = "FubarDev.FtpServer.FileSystem.DotNet", "src\FubarDev.FtpServer.FileSystem.DotNet\FubarDev.FtpServer.FileSystem.DotNet.csproj", "{9A83C6F5-378B-48B3-B32A-151DB90B390C}"
EndProject
Project("{2150E333-8FDC-42A3-9474-1A3956D46DE8}") = "samples", "samples", "{7004709E-5C0D-4D3E-AF27-89968FA47C19}"
EndProject
Project("{9A19103F-16F7-4668-BE54-9A1E7A4F7556}") = "TestFtpServer", "samples\TestFtpServer\TestFtpServer.csproj", "{4DFC0694-0212-491C-A102-38203A74B09F}"
EndProject
Project("{9A19103F-16F7-4668-BE54-9A1E7A4F7556}") = "FubarDev.FtpServer.Tests", "test\FubarDev.FtpServer.Tests\FubarDev.FtpServer.Tests.csproj", "{0EEB524B-D0F7-4972-838D-D4CE7963D839}"
EndProject
Project("{9A19103F-16F7-4668-BE54-9A1E7A4F7556}") = "FubarDev.FtpServer.Abstractions", "src\FubarDev.FtpServer.Abstractions\FubarDev.FtpServer.Abstractions.csproj", "{37CE4218-FAC3-4201-82A0-54945698C6AD}"
EndProject
Project("{9A19103F-16F7-4668-BE54-9A1E7A4F7556}") = "FubarDev.FtpServer.FileSystem.GoogleDrive", "src\FubarDev.FtpServer.FileSystem.GoogleDrive\FubarDev.FtpServer.FileSystem.GoogleDrive.csproj", "{474BD381-5B80-4580-BFB1-D41BEB70C458}"
EndProject
Project("{2150E333-8FDC-42A3-9474-1A3956D46DE8}") = "src", "src", "{118460ED-4F14-4FF3-BFBF-11497DFB80B6}"
EndProject
Project("{2150E333-8FDC-42A3-9474-1A3956D46DE8}") = "test", "test", "{B0D91078-FA02-4ADD-8EDE-831243BE9794}"
EndProject
Project("{9A19103F-16F7-4668-BE54-9A1E7A4F7556}") = "FubarDev.FtpServer.Commands", "src\FubarDev.FtpServer.Commands\FubarDev.FtpServer.Commands.csproj", "{7E3F81E2-764E-4075-992F-E53BF50F9623}"
EndProject
Project("{2150E333-8FDC-42A3-9474-1A3956D46DE8}") = "third-party", "third-party", "{441F13FB-D457-402E-8DAC-4B6485AFCE30}"
EndProject
Project("{D954291E-2A0B-460D-934E-DC6B0785DB48}") = "DotNet.Glob", "third-party\DotNet.Glob\DotNet.Glob.shproj", "{A45290B4-20F7-48E9-8543-C69240BFB9F8}"
EndProject
Project("{9A19103F-16F7-4668-BE54-9A1E7A4F7556}") = "FubarDev.FtpServer.FileSystem.InMemory", "src\FubarDev.FtpServer.FileSystem.InMemory\FubarDev.FtpServer.FileSystem.InMemory.csproj", "{E0626E77-87B7-492B-8421-9BB4910252D7}"
EndProject
Project("{2150E333-8FDC-42A3-9474-1A3956D46DE8}") = "filesystems", "filesystems", "{A3AF1D22-494F-42F3-8DA5-CC2FD3391798}"
EndProject
Project("{9A19103F-16F7-4668-BE54-9A1E7A4F7556}") = "FubarDev.FtpServer.FileSystem.Unix", "src\FubarDev.FtpServer.FileSystem.Unix\FubarDev.FtpServer.FileSystem.Unix.csproj", "{E763936D-DD8D-4392-8075-CA26D7F2BA1E}"
EndProject
Project("{2150E333-8FDC-42A3-9474-1A3956D46DE8}") = "membership-providers", "membership-providers", "{AB0B8CA2-250E-4045-B94B-096F19B9C06E}"
EndProject
Project("{9A19103F-16F7-4668-BE54-9A1E7A4F7556}") = "FubarDev.FtpServer.MembershipProvider.Pam", "src\FubarDev.FtpServer.MembershipProvider.Pam\FubarDev.FtpServer.MembershipProvider.Pam.csproj", "{6346A449-A391-458A-B6A3-68F6893DD7DB}"
EndProject
Project("{9A19103F-16F7-4668-BE54-9A1E7A4F7556}") = "QuickStart", "samples\QuickStart\QuickStart.csproj", "{60775D4D-A625-44FA-A9D2-D23FC29BB132}"
EndProject
Project("{D954291E-2A0B-460D-934E-DC6B0785DB48}") = "GnuSslStream", "third-party\GnuSslStream\GnuSslStream.shproj", "{FD524518-E097-4AC0-AAC8-D5EA24F31545}"
EndProject
Project("{D954291E-2A0B-460D-934E-DC6B0785DB48}") = "FubarDev.FtpServer.Shared", "src\FubarDev.FtpServer.Shared\FubarDev.FtpServer.Shared.shproj", "{52126B62-DE83-4597-A832-D144F9A5A870}"
EndProject
Project("{9A19103F-16F7-4668-BE54-9A1E7A4F7556}") = "TestFtpServer.Shell", "samples\TestFtpServer.Shell\TestFtpServer.Shell.csproj", "{4BDA38CA-A19D-4BA9-AC7E-E0B091B3770D}"
EndProject
Project("{9A19103F-16F7-4668-BE54-9A1E7A4F7556}") = "TestFtpServer.Api", "samples\TestFtpServer.Api\TestFtpServer.Api.csproj", "{02D103B2-B9CA-4A7F-AB79-6FEC68C62B47}"
EndProject
Project("{FAE04EC0-301F-11D3-BF4B-00C04F79EFBC}") = "QuickStart.GenericHost", "samples\QuickStart.GenericHost\QuickStart.GenericHost.csproj", "{23752176-0F1A-4352-B677-CD7878B7E8FC}"
EndProject
Project("{FAE04EC0-301F-11D3-BF4B-00C04F79EFBC}") = "QuickStart.AspNetCoreHost", "samples\QuickStart.AspNetCoreHost\QuickStart.AspNetCoreHost.csproj", "{D03594D1-84CC-4B55-A56D-20ED446CFDB1}"
EndProject
Global
	GlobalSection(SharedMSBuildProjectFiles) = preSolution
		src\FubarDev.FtpServer.Shared\FubarDev.FtpServer.Shared.projitems*{52126b62-de83-4597-a832-d144f9a5a870}*SharedItemsImports = 13
		third-party\DotNet.Glob\DotNet.Glob.projitems*{a45290b4-20f7-48e9-8543-c69240bfb9f8}*SharedItemsImports = 13
		third-party\GnuSslStream\GnuSslStream.projitems*{fd524518-e097-4ac0-aac8-d5ea24f31545}*SharedItemsImports = 13
	EndGlobalSection
	GlobalSection(SolutionConfigurationPlatforms) = preSolution
		Debug|Any CPU = Debug|Any CPU
		Release|Any CPU = Release|Any CPU
	EndGlobalSection
	GlobalSection(ProjectConfigurationPlatforms) = postSolution
		{01EBBF94-7469-43A0-A618-07FB734B163F}.Debug|Any CPU.ActiveCfg = Debug|Any CPU
		{01EBBF94-7469-43A0-A618-07FB734B163F}.Debug|Any CPU.Build.0 = Debug|Any CPU
		{01EBBF94-7469-43A0-A618-07FB734B163F}.Release|Any CPU.ActiveCfg = Release|Any CPU
		{01EBBF94-7469-43A0-A618-07FB734B163F}.Release|Any CPU.Build.0 = Release|Any CPU
		{9A83C6F5-378B-48B3-B32A-151DB90B390C}.Debug|Any CPU.ActiveCfg = Debug|Any CPU
		{9A83C6F5-378B-48B3-B32A-151DB90B390C}.Debug|Any CPU.Build.0 = Debug|Any CPU
		{9A83C6F5-378B-48B3-B32A-151DB90B390C}.Release|Any CPU.ActiveCfg = Release|Any CPU
		{9A83C6F5-378B-48B3-B32A-151DB90B390C}.Release|Any CPU.Build.0 = Release|Any CPU
		{4DFC0694-0212-491C-A102-38203A74B09F}.Debug|Any CPU.ActiveCfg = Debug|Any CPU
		{4DFC0694-0212-491C-A102-38203A74B09F}.Debug|Any CPU.Build.0 = Debug|Any CPU
		{4DFC0694-0212-491C-A102-38203A74B09F}.Release|Any CPU.ActiveCfg = Release|Any CPU
		{4DFC0694-0212-491C-A102-38203A74B09F}.Release|Any CPU.Build.0 = Release|Any CPU
		{0EEB524B-D0F7-4972-838D-D4CE7963D839}.Debug|Any CPU.ActiveCfg = Debug|Any CPU
		{0EEB524B-D0F7-4972-838D-D4CE7963D839}.Debug|Any CPU.Build.0 = Debug|Any CPU
		{0EEB524B-D0F7-4972-838D-D4CE7963D839}.Release|Any CPU.ActiveCfg = Release|Any CPU
		{0EEB524B-D0F7-4972-838D-D4CE7963D839}.Release|Any CPU.Build.0 = Release|Any CPU
		{37CE4218-FAC3-4201-82A0-54945698C6AD}.Debug|Any CPU.ActiveCfg = Debug|Any CPU
		{37CE4218-FAC3-4201-82A0-54945698C6AD}.Debug|Any CPU.Build.0 = Debug|Any CPU
		{37CE4218-FAC3-4201-82A0-54945698C6AD}.Release|Any CPU.ActiveCfg = Release|Any CPU
		{37CE4218-FAC3-4201-82A0-54945698C6AD}.Release|Any CPU.Build.0 = Release|Any CPU
		{474BD381-5B80-4580-BFB1-D41BEB70C458}.Debug|Any CPU.ActiveCfg = Debug|Any CPU
		{474BD381-5B80-4580-BFB1-D41BEB70C458}.Debug|Any CPU.Build.0 = Debug|Any CPU
		{474BD381-5B80-4580-BFB1-D41BEB70C458}.Release|Any CPU.ActiveCfg = Release|Any CPU
		{474BD381-5B80-4580-BFB1-D41BEB70C458}.Release|Any CPU.Build.0 = Release|Any CPU
		{7E3F81E2-764E-4075-992F-E53BF50F9623}.Debug|Any CPU.ActiveCfg = Debug|Any CPU
		{7E3F81E2-764E-4075-992F-E53BF50F9623}.Debug|Any CPU.Build.0 = Debug|Any CPU
		{7E3F81E2-764E-4075-992F-E53BF50F9623}.Release|Any CPU.ActiveCfg = Release|Any CPU
		{7E3F81E2-764E-4075-992F-E53BF50F9623}.Release|Any CPU.Build.0 = Release|Any CPU
		{E0626E77-87B7-492B-8421-9BB4910252D7}.Debug|Any CPU.ActiveCfg = Debug|Any CPU
		{E0626E77-87B7-492B-8421-9BB4910252D7}.Debug|Any CPU.Build.0 = Debug|Any CPU
		{E0626E77-87B7-492B-8421-9BB4910252D7}.Release|Any CPU.ActiveCfg = Release|Any CPU
		{E0626E77-87B7-492B-8421-9BB4910252D7}.Release|Any CPU.Build.0 = Release|Any CPU
		{E763936D-DD8D-4392-8075-CA26D7F2BA1E}.Debug|Any CPU.ActiveCfg = Debug|Any CPU
		{E763936D-DD8D-4392-8075-CA26D7F2BA1E}.Debug|Any CPU.Build.0 = Debug|Any CPU
		{E763936D-DD8D-4392-8075-CA26D7F2BA1E}.Release|Any CPU.ActiveCfg = Release|Any CPU
		{E763936D-DD8D-4392-8075-CA26D7F2BA1E}.Release|Any CPU.Build.0 = Release|Any CPU
		{6346A449-A391-458A-B6A3-68F6893DD7DB}.Debug|Any CPU.ActiveCfg = Debug|Any CPU
		{6346A449-A391-458A-B6A3-68F6893DD7DB}.Debug|Any CPU.Build.0 = Debug|Any CPU
		{6346A449-A391-458A-B6A3-68F6893DD7DB}.Release|Any CPU.ActiveCfg = Release|Any CPU
		{6346A449-A391-458A-B6A3-68F6893DD7DB}.Release|Any CPU.Build.0 = Release|Any CPU
		{60775D4D-A625-44FA-A9D2-D23FC29BB132}.Debug|Any CPU.ActiveCfg = Debug|Any CPU
		{60775D4D-A625-44FA-A9D2-D23FC29BB132}.Debug|Any CPU.Build.0 = Debug|Any CPU
		{60775D4D-A625-44FA-A9D2-D23FC29BB132}.Release|Any CPU.ActiveCfg = Release|Any CPU
		{60775D4D-A625-44FA-A9D2-D23FC29BB132}.Release|Any CPU.Build.0 = Release|Any CPU
		{4BDA38CA-A19D-4BA9-AC7E-E0B091B3770D}.Debug|Any CPU.ActiveCfg = Debug|Any CPU
		{4BDA38CA-A19D-4BA9-AC7E-E0B091B3770D}.Debug|Any CPU.Build.0 = Debug|Any CPU
		{4BDA38CA-A19D-4BA9-AC7E-E0B091B3770D}.Release|Any CPU.ActiveCfg = Release|Any CPU
		{4BDA38CA-A19D-4BA9-AC7E-E0B091B3770D}.Release|Any CPU.Build.0 = Release|Any CPU
		{02D103B2-B9CA-4A7F-AB79-6FEC68C62B47}.Debug|Any CPU.ActiveCfg = Debug|Any CPU
		{02D103B2-B9CA-4A7F-AB79-6FEC68C62B47}.Debug|Any CPU.Build.0 = Debug|Any CPU
		{02D103B2-B9CA-4A7F-AB79-6FEC68C62B47}.Release|Any CPU.ActiveCfg = Release|Any CPU
		{02D103B2-B9CA-4A7F-AB79-6FEC68C62B47}.Release|Any CPU.Build.0 = Release|Any CPU
		{23752176-0F1A-4352-B677-CD7878B7E8FC}.Debug|Any CPU.ActiveCfg = Debug|Any CPU
		{23752176-0F1A-4352-B677-CD7878B7E8FC}.Debug|Any CPU.Build.0 = Debug|Any CPU
		{23752176-0F1A-4352-B677-CD7878B7E8FC}.Release|Any CPU.ActiveCfg = Release|Any CPU
		{23752176-0F1A-4352-B677-CD7878B7E8FC}.Release|Any CPU.Build.0 = Release|Any CPU
		{D03594D1-84CC-4B55-A56D-20ED446CFDB1}.Debug|Any CPU.ActiveCfg = Debug|Any CPU
		{D03594D1-84CC-4B55-A56D-20ED446CFDB1}.Debug|Any CPU.Build.0 = Debug|Any CPU
		{D03594D1-84CC-4B55-A56D-20ED446CFDB1}.Release|Any CPU.ActiveCfg = Release|Any CPU
		{D03594D1-84CC-4B55-A56D-20ED446CFDB1}.Release|Any CPU.Build.0 = Release|Any CPU
	EndGlobalSection
	GlobalSection(SolutionProperties) = preSolution
		HideSolutionNode = FALSE
	EndGlobalSection
	GlobalSection(NestedProjects) = preSolution
		{01EBBF94-7469-43A0-A618-07FB734B163F} = {118460ED-4F14-4FF3-BFBF-11497DFB80B6}
		{9A83C6F5-378B-48B3-B32A-151DB90B390C} = {A3AF1D22-494F-42F3-8DA5-CC2FD3391798}
		{4DFC0694-0212-491C-A102-38203A74B09F} = {7004709E-5C0D-4D3E-AF27-89968FA47C19}
		{0EEB524B-D0F7-4972-838D-D4CE7963D839} = {B0D91078-FA02-4ADD-8EDE-831243BE9794}
		{37CE4218-FAC3-4201-82A0-54945698C6AD} = {118460ED-4F14-4FF3-BFBF-11497DFB80B6}
		{474BD381-5B80-4580-BFB1-D41BEB70C458} = {A3AF1D22-494F-42F3-8DA5-CC2FD3391798}
		{7E3F81E2-764E-4075-992F-E53BF50F9623} = {118460ED-4F14-4FF3-BFBF-11497DFB80B6}
		{A45290B4-20F7-48E9-8543-C69240BFB9F8} = {441F13FB-D457-402E-8DAC-4B6485AFCE30}
		{E0626E77-87B7-492B-8421-9BB4910252D7} = {A3AF1D22-494F-42F3-8DA5-CC2FD3391798}
		{A3AF1D22-494F-42F3-8DA5-CC2FD3391798} = {118460ED-4F14-4FF3-BFBF-11497DFB80B6}
		{E763936D-DD8D-4392-8075-CA26D7F2BA1E} = {A3AF1D22-494F-42F3-8DA5-CC2FD3391798}
		{AB0B8CA2-250E-4045-B94B-096F19B9C06E} = {118460ED-4F14-4FF3-BFBF-11497DFB80B6}
		{6346A449-A391-458A-B6A3-68F6893DD7DB} = {AB0B8CA2-250E-4045-B94B-096F19B9C06E}
		{60775D4D-A625-44FA-A9D2-D23FC29BB132} = {7004709E-5C0D-4D3E-AF27-89968FA47C19}
		{FD524518-E097-4AC0-AAC8-D5EA24F31545} = {441F13FB-D457-402E-8DAC-4B6485AFCE30}
		{52126B62-DE83-4597-A832-D144F9A5A870} = {118460ED-4F14-4FF3-BFBF-11497DFB80B6}
		{4BDA38CA-A19D-4BA9-AC7E-E0B091B3770D} = {7004709E-5C0D-4D3E-AF27-89968FA47C19}
		{02D103B2-B9CA-4A7F-AB79-6FEC68C62B47} = {7004709E-5C0D-4D3E-AF27-89968FA47C19}
		{23752176-0F1A-4352-B677-CD7878B7E8FC} = {7004709E-5C0D-4D3E-AF27-89968FA47C19}
		{D03594D1-84CC-4B55-A56D-20ED446CFDB1} = {7004709E-5C0D-4D3E-AF27-89968FA47C19}
	EndGlobalSection
	GlobalSection(ExtensibilityGlobals) = postSolution
		SolutionGuid = {DAA7D00E-C61D-4640-A54E-D307E4682263}
	EndGlobalSection
EndGlobal
